
Microsoft Visual Studio Solution File, Format Version 12.00
# Visual Studio 15
VisualStudioVersion = 15.0.26228.9
MinimumVisualStudioVersion = 10.0.40219.1
Project("{2150E333-8FDC-42A3-9474-1A3956D46DE8}") = "0 - Domain", "0 - Domain", "{AD55EED1-3F25-45C2-9ECC-9B98C12A19DE}"
EndProject
Project("{2150E333-8FDC-42A3-9474-1A3956D46DE8}") = "1 - Data", "1 - Data", "{2E25A448-CCE2-4E05-92A2-84DCA8D86116}"
EndProject
Project("{2150E333-8FDC-42A3-9474-1A3956D46DE8}") = "2 - Business", "2 - Business", "{08960B54-3249-47F8-A387-D88EAAC1C5B5}"
EndProject
Project("{2150E333-8FDC-42A3-9474-1A3956D46DE8}") = "3 - UI", "3 - UI", "{7B329222-09BA-4596-B6D2-8CC8180671AA}"
EndProject
Project("{FAE04EC0-301F-11D3-BF4B-00C04F79EFBC}") = "Cimri.Entity", "Cimri.Entity\Cimri.Entity.csproj", "{9B215286-5E37-41EA-BCD0-80B3B340CFFE}"
EndProject
Project("{FAE04EC0-301F-11D3-BF4B-00C04F79EFBC}") = "Cimri.Data", "Cimri.Data\Cimri.Data.csproj", "{4EE5C203-C446-4ABF-A091-8FBCC8553929}"
EndProject
Project("{FAE04EC0-301F-11D3-BF4B-00C04F79EFBC}") = "Cimri.Business", "Cimri.Business\Cimri.Business.csproj", "{05FD2F22-96A5-4E9A-9C6A-7DB29B092B32}"
EndProject
Project("{FAE04EC0-301F-11D3-BF4B-00C04F79EFBC}") = "Cimri.WinForm", "Cimri.WinForm\Cimri.WinForm.csproj", "{EF5B8D2A-D443-4A57-9681-E7ECB375E7BA}"
EndProject
Global
	GlobalSection(SolutionConfigurationPlatforms) = preSolution
		Debug|Any CPU = Debug|Any CPU
		Release|Any CPU = Release|Any CPU
	EndGlobalSection
	GlobalSection(ProjectConfigurationPlatforms) = postSolution
		{9B215286-5E37-41EA-BCD0-80B3B340CFFE}.Debug|Any CPU.ActiveCfg = Debug|Any CPU
		{9B215286-5E37-41EA-BCD0-80B3B340CFFE}.Debug|Any CPU.Build.0 = Debug|Any CPU
		{9B215286-5E37-41EA-BCD0-80B3B340CFFE}.Release|Any CPU.ActiveCfg = Release|Any CPU
		{9B215286-5E37-41EA-BCD0-80B3B340CFFE}.Release|Any CPU.Build.0 = Release|Any CPU
		{4EE5C203-C446-4ABF-A091-8FBCC8553929}.Debug|Any CPU.ActiveCfg = Debug|Any CPU
		{4EE5C203-C446-4ABF-A091-8FBCC8553929}.Debug|Any CPU.Build.0 = Debug|Any CPU
		{4EE5C203-C446-4ABF-A091-8FBCC8553929}.Release|Any CPU.ActiveCfg = Release|Any CPU
		{4EE5C203-C446-4ABF-A091-8FBCC8553929}.Release|Any CPU.Build.0 = Release|Any CPU
		{05FD2F22-96A5-4E9A-9C6A-7DB29B092B32}.Debug|Any CPU.ActiveCfg = Debug|Any CPU
		{05FD2F22-96A5-4E9A-9C6A-7DB29B092B32}.Debug|Any CPU.Build.0 = Debug|Any CPU
		{05FD2F22-96A5-4E9A-9C6A-7DB29B092B32}.Release|Any CPU.ActiveCfg = Release|Any CPU
		{05FD2F22-96A5-4E9A-9C6A-7DB29B092B32}.Release|Any CPU.Build.0 = Release|Any CPU
		{EF5B8D2A-D443-4A57-9681-E7ECB375E7BA}.Debug|Any CPU.ActiveCfg = Debug|Any CPU
		{EF5B8D2A-D443-4A57-9681-E7ECB375E7BA}.Debug|Any CPU.Build.0 = Debug|Any CPU
		{EF5B8D2A-D443-4A57-9681-E7ECB375E7BA}.Release|Any CPU.ActiveCfg = Release|Any CPU
		{EF5B8D2A-D443-4A57-9681-E7ECB375E7BA}.Release|Any CPU.Build.0 = Release|Any CPU
	EndGlobalSection
	GlobalSection(SolutionProperties) = preSolution
		HideSolutionNode = FALSE
	EndGlobalSection
	GlobalSection(NestedProjects) = preSolution
		{9B215286-5E37-41EA-BCD0-80B3B340CFFE} = {AD55EED1-3F25-45C2-9ECC-9B98C12A19DE}
		{4EE5C203-C446-4ABF-A091-8FBCC8553929} = {2E25A448-CCE2-4E05-92A2-84DCA8D86116}
		{05FD2F22-96A5-4E9A-9C6A-7DB29B092B32} = {08960B54-3249-47F8-A387-D88EAAC1C5B5}
		{EF5B8D2A-D443-4A57-9681-E7ECB375E7BA} = {7B329222-09BA-4596-B6D2-8CC8180671AA}
	EndGlobalSection
EndGlobal
